// !$*UTF8*$!
{
	archiveVersion = 1;
	classes = {
	};
	objectVersion = 50;
	objects = {

/* Begin PBXBuildFile section */
		EDAE7D262214DB64008C34BA /* AppDelegate.swift in Sources */ = {isa = PBXBuildFile; fileRef = EDAE7D252214DB64008C34BA /* AppDelegate.swift */; };
		EDAE7D282214DB64008C34BA /* ViewController.swift in Sources */ = {isa = PBXBuildFile; fileRef = EDAE7D272214DB64008C34BA /* ViewController.swift */; };
		EDAE7D2B2214DB64008C34BA /* Main.storyboard in Resources */ = {isa = PBXBuildFile; fileRef = EDAE7D292214DB64008C34BA /* Main.storyboard */; };
		EDAE7D2D2214DB6E008C34BA /* Assets.xcassets in Resources */ = {isa = PBXBuildFile; fileRef = EDAE7D2C2214DB6E008C34BA /* Assets.xcassets */; };
		EDAE7D302214DB6E008C34BA /* LaunchScreen.storyboard in Resources */ = {isa = PBXBuildFile; fileRef = EDAE7D2E2214DB6E008C34BA /* LaunchScreen.storyboard */; };
		EDAE7D3A22158F52008C34BA /* DateManager.swift in Sources */ = {isa = PBXBuildFile; fileRef = EDAE7D3922158F52008C34BA /* DateManager.swift */; };
/* End PBXBuildFile section */

/* Begin PBXFileReference section */
		EDAE7D222214DB64008C34BA /* HWL10 - Settings.app */ = {isa = PBXFileReference; explicitFileType = wrapper.application; includeInIndex = 0; path = "HWL10 - Settings.app"; sourceTree = BUILT_PRODUCTS_DIR; };
		EDAE7D252214DB64008C34BA /* AppDelegate.swift */ = {isa = PBXFileReference; lastKnownFileType = sourcecode.swift; path = AppDelegate.swift; sourceTree = "<group>"; };
		EDAE7D272214DB64008C34BA /* ViewController.swift */ = {isa = PBXFileReference; lastKnownFileType = sourcecode.swift; path = ViewController.swift; sourceTree = "<group>"; };
		EDAE7D2A2214DB64008C34BA /* Base */ = {isa = PBXFileReference; lastKnownFileType = file.storyboard; name = Base; path = Base.lproj/Main.storyboard; sourceTree = "<group>"; };
		EDAE7D2C2214DB6E008C34BA /* Assets.xcassets */ = {isa = PBXFileReference; lastKnownFileType = folder.assetcatalog; path = Assets.xcassets; sourceTree = "<group>"; };
		EDAE7D2F2214DB6E008C34BA /* Base */ = {isa = PBXFileReference; lastKnownFileType = file.storyboard; name = Base; path = Base.lproj/LaunchScreen.storyboard; sourceTree = "<group>"; };
		EDAE7D312214DB6E008C34BA /* Info.plist */ = {isa = PBXFileReference; lastKnownFileType = text.plist.xml; path = Info.plist; sourceTree = "<group>"; };
		EDAE7D3922158F52008C34BA /* DateManager.swift */ = {isa = PBXFileReference; lastKnownFileType = sourcecode.swift; path = DateManager.swift; sourceTree = "<group>"; };
/* End PBXFileReference section */

/* Begin PBXFrameworksBuildPhase section */
		EDAE7D1F2214DB64008C34BA /* Frameworks */ = {
			isa = PBXFrameworksBuildPhase;
			buildActionMask = 2147483647;
			files = (
			);
			runOnlyForDeploymentPostprocessing = 0;
		};
/* End PBXFrameworksBuildPhase section */

/* Begin PBXGroup section */
		EDAE7D192214DB64008C34BA = {
			isa = PBXGroup;
			children = (
				EDAE7D242214DB64008C34BA /* HWL10 - Settings */,
				EDAE7D232214DB64008C34BA /* Products */,
			);
			sourceTree = "<group>";
		};
		EDAE7D232214DB64008C34BA /* Products */ = {
			isa = PBXGroup;
			children = (
				EDAE7D222214DB64008C34BA /* HWL10 - Settings.app */,
			);
			name = Products;
			sourceTree = "<group>";
		};
		EDAE7D242214DB64008C34BA /* HWL10 - Settings */ = {
			isa = PBXGroup;
			children = (
				EDAE7D252214DB64008C34BA /* AppDelegate.swift */,
				EDAE7D272214DB64008C34BA /* ViewController.swift */,
				EDAE7D292214DB64008C34BA /* Main.storyboard */,
				EDAE7D2C2214DB6E008C34BA /* Assets.xcassets */,
				EDAE7D2E2214DB6E008C34BA /* LaunchScreen.storyboard */,
				EDAE7D312214DB6E008C34BA /* Info.plist */,
				EDAE7D3922158F52008C34BA /* DateManager.swift */,
			);
			path = "HWL10 - Settings";
			sourceTree = "<group>";
		};
/* End PBXGroup section */

/* Begin PBXNativeTarget section */
		EDAE7D212214DB64008C34BA /* HWL10 - Settings */ = {
			isa = PBXNativeTarget;
			buildConfigurationList = EDAE7D342214DB6E008C34BA /* Build configuration list for PBXNativeTarget "HWL10 - Settings" */;
			buildPhases = (
				EDAE7D1E2214DB64008C34BA /* Sources */,
				EDAE7D1F2214DB64008C34BA /* Frameworks */,
				EDAE7D202214DB64008C34BA /* Resources */,
			);
			buildRules = (
			);
			dependencies = (
			);
			name = "HWL10 - Settings";
			productName = "HWL10 - Settings";
			productReference = EDAE7D222214DB64008C34BA /* HWL10 - Settings.app */;
			productType = "com.apple.product-type.application";
		};
/* End PBXNativeTarget section */

/* Begin PBXProject section */
		EDAE7D1A2214DB64008C34BA /* Project object */ = {
			isa = PBXProject;
			attributes = {
				LastSwiftUpdateCheck = 1010;
				LastUpgradeCheck = 1010;
				ORGANIZATIONNAME = Kirill;
				TargetAttributes = {
					EDAE7D212214DB64008C34BA = {
						CreatedOnToolsVersion = 10.1;
					};
				};
			};
			buildConfigurationList = EDAE7D1D2214DB64008C34BA /* Build configuration list for PBXProject "HWL10 - Settings" */;
			compatibilityVersion = "Xcode 9.3";
			developmentRegion = en;
			hasScannedForEncodings = 0;
			knownRegions = (
				en,
				Base,
			);
			mainGroup = EDAE7D192214DB64008C34BA;
			productRefGroup = EDAE7D232214DB64008C34BA /* Products */;
			projectDirPath = "";
			projectRoot = "";
			targets = (
				EDAE7D212214DB64008C34BA /* HWL10 - Settings */,
			);
		};
/* End PBXProject section */

/* Begin PBXResourcesBuildPhase section */
		EDAE7D202214DB64008C34BA /* Resources */ = {
			isa = PBXResourcesBuildPhase;
			buildActionMask = 2147483647;
			files = (
				EDAE7D302214DB6E008C34BA /* LaunchScreen.storyboard in Resources */,
				EDAE7D2D2214DB6E008C34BA /* Assets.xcassets in Resources */,
				EDAE7D2B2214DB64008C34BA /* Main.storyboard in Resources */,
			);
			runOnlyForDeploymentPostprocessing = 0;
		};
/* End PBXResourcesBuildPhase section */

/* Begin PBXSourcesBuildPhase section */
		EDAE7D1E2214DB64008C34BA /* Sources */ = {
			isa = PBXSourcesBuildPhase;
			buildActionMask = 2147483647;
			files = (
				EDAE7D282214DB64008C34BA /* ViewController.swift in Sources */,
				EDAE7D3A22158F52008C34BA /* DateManager.swift in Sources */,
				EDAE7D262214DB64008C34BA /* AppDelegate.swift in Sources */,
			);
			runOnlyForDeploymentPostprocessing = 0;
		};
/* End PBXSourcesBuildPhase section */

/* Begin PBXVariantGroup section */
		EDAE7D292214DB64008C34BA /* Main.storyboard */ = {
			isa = PBXVariantGroup;
			children = (
				EDAE7D2A2214DB64008C34BA /* Base */,
			);
			name = Main.storyboard;
			sourceTree = "<group>";
		};
		EDAE7D2E2214DB6E008C34BA /* LaunchScreen.storyboard */ = {
			isa = PBXVariantGroup;
			children = (
				EDAE7D2F2214DB6E008C34BA /* Base */,
			);
			name = LaunchScreen.storyboard;
			sourceTree = "<group>";
		};
/* End PBXVariantGroup section */

/* Begin XCBuildConfiguration section */
		EDAE7D322214DB6E008C34BA /* Debug */ = {
			isa = XCBuildConfiguration;
			buildSettings = {
				ALWAYS_SEARCH_USER_PATHS = NO;
				CLANG_ANALYZER_NONNULL = YES;
				CLANG_ANALYZER_NUMBER_OBJECT_CONVERSION = YES_AGGRESSIVE;
				CLANG_CXX_LANGUAGE_STANDARD = "gnu++14";
				CLANG_CXX_LIBRARY = "libc++";
				CLANG_ENABLE_MODULES = YES;
				CLANG_ENABLE_OBJC_ARC = YES;
				CLANG_ENABLE_OBJC_WEAK = YES;
				CLANG_WARN_BLOCK_CAPTURE_AUTORELEASING = YES;
				CLANG_WARN_BOOL_CONVERSION = YES;
				CLANG_WARN_COMMA = YES;
				CLANG_WARN_CONSTANT_CONVERSION = YES;
				CLANG_WARN_DEPRECATED_OBJC_IMPLEMENTATIONS = YES;
				CLANG_WARN_DIRECT_OBJC_ISA_USAGE = YES_ERROR;
				CLANG_WARN_DOCUMENTATION_COMMENTS = YES;
				CLANG_WARN_EMPTY_BODY = YES;
				CLANG_WARN_ENUM_CONVERSION = YES;
				CLANG_WARN_INFINITE_RECURSION = YES;
				CLANG_WARN_INT_CONVERSION = YES;
				CLANG_WARN_NON_LITERAL_NULL_CONVERSION = YES;
				CLANG_WARN_OBJC_IMPLICIT_RETAIN_SELF = YES;
				CLANG_WARN_OBJC_LITERAL_CONVERSION = YES;
				CLANG_WARN_OBJC_ROOT_CLASS = YES_ERROR;
				CLANG_WARN_RANGE_LOOP_ANALYSIS = YES;
				CLANG_WARN_STRICT_PROTOTYPES = YES;
				CLANG_WARN_SUSPICIOUS_MOVE = YES;
				CLANG_WARN_UNGUARDED_AVAILABILITY = YES_AGGRESSIVE;
				CLANG_WARN_UNREACHABLE_CODE = YES;
				CLANG_WARN__DUPLICATE_METHOD_MATCH = YES;
				CODE_SIGN_IDENTITY = "iPhone Developer";
				COPY_PHASE_STRIP = NO;
				DEBUG_INFORMATION_FORMAT = dwarf;
				ENABLE_STRICT_OBJC_MSGSEND = YES;
				ENABLE_TESTABILITY = YES;
				GCC_C_LANGUAGE_STANDARD = gnu11;
				GCC_DYNAMIC_NO_PIC = NO;
				GCC_NO_COMMON_BLOCKS = YES;
				GCC_OPTIMIZATION_LEVEL = 0;
				GCC_PREPROCESSOR_DEFINITIONS = (
					"DEBUG=1",
					"$(inherited)",
				);
				GCC_WARN_64_TO_32_BIT_CONVERSION = YES;
				GCC_WARN_ABOUT_RETURN_TYPE = YES_ERROR;
				GCC_WARN_UNDECLARED_SELECTOR = YES;
				GCC_WARN_UNINITIALIZED_AUTOS = YES_AGGRESSIVE;
				GCC_WARN_UNUSED_FUNCTION = YES;
				GCC_WARN_UNUSED_VARIABLE = YES;
				IPHONEOS_DEPLOYMENT_TARGET = 12.1;
				MTL_ENABLE_DEBUG_INFO = INCLUDE_SOURCE;
				MTL_FAST_MATH = YES;
				ONLY_ACTIVE_ARCH = YES;
				SDKROOT = iphoneos;
				SWIFT_ACTIVE_COMPILATION_CONDITIONS = DEBUG;
				SWIFT_OPTIMIZATION_LEVEL = "-Onone";
			};
			name = Debug;
		};
		EDAE7D332214DB6E008C34BA /* Release */ = {
			isa = XCBuildConfiguration;
			buildSettings = {
				ALWAYS_SEARCH_USER_PATHS = NO;
				CLANG_ANALYZER_NONNULL = YES;
				CLANG_ANALYZER_NUMBER_OBJECT_CONVERSION = YES_AGGRESSIVE;
				CLANG_CXX_LANGUAGE_STANDARD = "gnu++14";
				CLANG_CXX_LIBRARY = "libc++";
				CLANG_ENABLE_MODULES = YES;
				CLANG_ENABLE_OBJC_ARC = YES;
				CLANG_ENABLE_OBJC_WEAK = YES;
				CLANG_WARN_BLOCK_CAPTURE_AUTORELEASING = YES;
				CLANG_WARN_BOOL_CONVERSION = YES;
				CLANG_WARN_COMMA = YES;
				CLANG_WARN_CONSTANT_CONVERSION = YES;
				CLANG_WARN_DEPRECATED_OBJC_IMPLEMENTATIONS = YES;
				CLANG_WARN_DIRECT_OBJC_ISA_USAGE = YES_ERROR;
				CLANG_WARN_DOCUMENTATION_COMMENTS = YES;
				CLANG_WARN_EMPTY_BODY = YES;
				CLANG_WARN_ENUM_CONVERSION = YES;
				CLANG_WARN_INFINITE_RECURSION = YES;
				CLANG_WARN_INT_CONVERSION = YES;
				CLANG_WARN_NON_LITERAL_NULL_CONVERSION = YES;
				CLANG_WARN_OBJC_IMPLICIT_RETAIN_SELF = YES;
				CLANG_WARN_OBJC_LITERAL_CONVERSION = YES;
				CLANG_WARN_OBJC_ROOT_CLASS = YES_ERROR;
				CLANG_WARN_RANGE_LOOP_ANALYSIS = YES;
				CLANG_WARN_STRICT_PROTOTYPES = YES;
				CLANG_WARN_SUSPICIOUS_MOVE = YES;
				CLANG_WARN_UNGUARDED_AVAILABILITY = YES_AGGRESSIVE;
				CLANG_WARN_UNREACHABLE_CODE = YES;
				CLANG_WARN__DUPLICATE_METHOD_MATCH = YES;
				CODE_SIGN_IDENTITY = "iPhone Developer";
				COPY_PHASE_STRIP = NO;
				DEBUG_INFORMATION_FORMAT = "dwarf-with-dsym";
				ENABLE_NS_ASSERTIONS = NO;
				ENABLE_STRICT_OBJC_MSGSEND = YES;
				GCC_C_LANGUAGE_STANDARD = gnu11;
				GCC_NO_COMMON_BLOCKS = YES;
				GCC_WARN_64_TO_32_BIT_CONVERSION = YES;
				GCC_WARN_ABOUT_RETURN_TYPE = YES_ERROR;
				GCC_WARN_UNDECLARED_SELECTOR = YES;
				GCC_WARN_UNINITIALIZED_AUTOS = YES_AGGRESSIVE;
				GCC_WARN_UNUSED_FUNCTION = YES;
				GCC_WARN_UNUSED_VARIABLE = YES;
				IPHONEOS_DEPLOYMENT_TARGET = 12.1;
				MTL_ENABLE_DEBUG_INFO = NO;
				MTL_FAST_MATH = YES;
				SDKROOT = iphoneos;
				SWIFT_COMPILATION_MODE = wholemodule;
				SWIFT_OPTIMIZATION_LEVEL = "-O";
				VALIDATE_PRODUCT = YES;
			};
			name = Release;
		};
		EDAE7D352214DB6E008C34BA /* Debug */ = {
			isa = XCBuildConfiguration;
			buildSettings = {
				ASSETCATALOG_COMPILER_APPICON_NAME = AppIcon;
				CODE_SIGN_STYLE = Automatic;
				DEVELOPMENT_TEAM = M8SKL9PG52;
				INFOPLIST_FILE = "HWL10 - Settings/Info.plist";
				IPHONEOS_DEPLOYMENT_TARGET = 9.2;
				LD_RUNPATH_SEARCH_PATHS = (
					"$(inherited)",
					"@executable_path/Frameworks",
				);
				PRODUCT_BUNDLE_IDENTIFIER = "df.Personal-Settings";
				PRODUCT_NAME = "$(TARGET_NAME)";
				SWIFT_VERSION = 4.2;
				TARGETED_DEVICE_FAMILY = "1,2";
			};
			name = Debug;
		};
		EDAE7D362214DB6E008C34BA /* Release */ = {
			isa = XCBuildConfiguration;
			buildSettings = {
				ASSETCATALOG_COMPILER_APPICON_NAME = AppIcon;
				CODE_SIGN_STYLE = Automatic;
				DEVELOPMENT_TEAM = M8SKL9PG52;
				INFOPLIST_FILE = "HWL10 - Settings/Info.plist";
				IPHONEOS_DEPLOYMENT_TARGET = 9.2;
				LD_RUNPATH_SEARCH_PATHS = (
					"$(inherited)",
					"@executable_path/Frameworks",
				);
				PRODUCT_BUNDLE_IDENTIFIER = "df.Personal-Settings";
				PRODUCT_NAME = "$(TARGET_NAME)";
				SWIFT_VERSION = 4.2;
				TARGETED_DEVICE_FAMILY = "1,2";
			};
			name = Release;
		};
/* End XCBuildConfiguration section */

/* Begin XCConfigurationList section */
		EDAE7D1D2214DB64008C34BA /* Build configuration list for PBXProject "HWL10 - Settings" */ = {
			isa = XCConfigurationList;
			buildConfigurations = (
				EDAE7D322214DB6E008C34BA /* Debug */,
				EDAE7D332214DB6E008C34BA /* Release */,
			);
			defaultConfigurationIsVisible = 0;
			defaultConfigurationName = Release;
		};
		EDAE7D342214DB6E008C34BA /* Build configuration list for PBXNativeTarget "HWL10 - Settings" */ = {
			isa = XCConfigurationList;
			buildConfigurations = (
				EDAE7D352214DB6E008C34BA /* Debug */,
				EDAE7D362214DB6E008C34BA /* Release */,
			);
			defaultConfigurationIsVisible = 0;
			defaultConfigurationName = Release;
		};
/* End XCConfigurationList section */
	};
	rootObject = EDAE7D1A2214DB64008C34BA /* Project object */;
}
